
Microsoft Visual Studio Solution File, Format Version 12.00
# Visual Studio 15
VisualStudioVersion = 15.0.27130.2003
MinimumVisualStudioVersion = 10.0.40219.1
Project("{8BC9CEB8-8B4A-11D0-8D11-00A0C91BC942}") = "HybridRenderer", "Code\Game\Game.vcxproj", "{F5B89BA1-9CB4-4235-8847-2E90C319E500}"
EndProject
Project("{8BC9CEB8-8B4A-11D0-8D11-00A0C91BC942}") = "Engine", "..\..\Engine\Code\Engine\Engine.vcxproj", "{F98FC404-61CF-431F-A434-4C724EF1EC69}"
EndProject
Global
	GlobalSection(SolutionConfigurationPlatforms) = preSolution
		Debug_DX12|x64 = Debug_DX12|x64
		Debug_DX12|x86 = Debug_DX12|x86
		Debug_DXR|x64 = Debug_DXR|x64
		Debug_DXR|x86 = Debug_DXR|x86
		Debug|x64 = Debug|x64
		Debug|x86 = Debug|x86
		DebugInline|x64 = DebugInline|x64
		DebugInline|x86 = DebugInline|x86
		FaskBreak|x64 = FaskBreak|x64
		FaskBreak|x86 = FaskBreak|x86
		Release|x64 = Release|x64
		Release|x86 = Release|x86
	EndGlobalSection
	GlobalSection(ProjectConfigurationPlatforms) = postSolution
		{F5B89BA1-9CB4-4235-8847-2E90C319E500}.Debug_DX12|x64.ActiveCfg = DebugInline|x64
		{F5B89BA1-9CB4-4235-8847-2E90C319E500}.Debug_DX12|x64.Build.0 = DebugInline|x64
		{F5B89BA1-9CB4-4235-8847-2E90C319E500}.Debug_DX12|x86.ActiveCfg = Debug|Win32
		{F5B89BA1-9CB4-4235-8847-2E90C319E500}.Debug_DX12|x86.Build.0 = Debug|Win32
		{F5B89BA1-9CB4-4235-8847-2E90C319E500}.Debug_DXR|x64.ActiveCfg = DebugInline|x64
		{F5B89BA1-9CB4-4235-8847-2E90C319E500}.Debug_DXR|x64.Build.0 = DebugInline|x64
		{F5B89BA1-9CB4-4235-8847-2E90C319E500}.Debug_DXR|x86.ActiveCfg = DebugInline|Win32
		{F5B89BA1-9CB4-4235-8847-2E90C319E500}.Debug_DXR|x86.Build.0 = DebugInline|Win32
		{F5B89BA1-9CB4-4235-8847-2E90C319E500}.Debug|x64.ActiveCfg = Debug|x64
		{F5B89BA1-9CB4-4235-8847-2E90C319E500}.Debug|x64.Build.0 = Debug|x64
		{F5B89BA1-9CB4-4235-8847-2E90C319E500}.Debug|x86.ActiveCfg = Debug|Win32
		{F5B89BA1-9CB4-4235-8847-2E90C319E500}.Debug|x86.Build.0 = Debug|Win32
		{F5B89BA1-9CB4-4235-8847-2E90C319E500}.DebugInline|x64.ActiveCfg = DebugInline|x64
		{F5B89BA1-9CB4-4235-8847-2E90C319E500}.DebugInline|x64.Build.0 = DebugInline|x64
		{F5B89BA1-9CB4-4235-8847-2E90C319E500}.DebugInline|x86.ActiveCfg = DebugInline|Win32
		{F5B89BA1-9CB4-4235-8847-2E90C319E500}.DebugInline|x86.Build.0 = DebugInline|Win32
		{F5B89BA1-9CB4-4235-8847-2E90C319E500}.FaskBreak|x64.ActiveCfg = FaskBreak|x64
		{F5B89BA1-9CB4-4235-8847-2E90C319E500}.FaskBreak|x64.Build.0 = FaskBreak|x64
		{F5B89BA1-9CB4-4235-8847-2E90C319E500}.FaskBreak|x86.ActiveCfg = FaskBreak|Win32
		{F5B89BA1-9CB4-4235-8847-2E90C319E500}.FaskBreak|x86.Build.0 = FaskBreak|Win32
		{F5B89BA1-9CB4-4235-8847-2E90C319E500}.Release|x64.ActiveCfg = Release|x64
		{F5B89BA1-9CB4-4235-8847-2E90C319E500}.Release|x64.Build.0 = Release|x64
		{F5B89BA1-9CB4-4235-8847-2E90C319E500}.Release|x86.ActiveCfg = Release|Win32
		{F5B89BA1-9CB4-4235-8847-2E90C319E500}.Release|x86.Build.0 = Release|Win32
		{F98FC404-61CF-431F-A434-4C724EF1EC69}.Debug_DX12|x64.ActiveCfg = Debug_DX12|x64
		{F98FC404-61CF-431F-A434-4C724EF1EC69}.Debug_DX12|x64.Build.0 = Debug_DX12|x64
		{F98FC404-61CF-431F-A434-4C724EF1EC69}.Debug_DX12|x86.ActiveCfg = Debug_DX12|Win32
		{F98FC404-61CF-431F-A434-4C724EF1EC69}.Debug_DX12|x86.Build.0 = Debug_DX12|Win32
		{F98FC404-61CF-431F-A434-4C724EF1EC69}.Debug_DXR|x64.ActiveCfg = Debug_DXR|x64
		{F98FC404-61CF-431F-A434-4C724EF1EC69}.Debug_DXR|x64.Build.0 = Debug_DXR|x64
		{F98FC404-61CF-431F-A434-4C724EF1EC69}.Debug_DXR|x86.ActiveCfg = Debug_DXR|Win32
		{F98FC404-61CF-431F-A434-4C724EF1EC69}.Debug_DXR|x86.Build.0 = Debug_DXR|Win32
		{F98FC404-61CF-431F-A434-4C724EF1EC69}.Debug|x64.ActiveCfg = Debug|x64
		{F98FC404-61CF-431F-A434-4C724EF1EC69}.Debug|x64.Build.0 = Debug|x64
		{F98FC404-61CF-431F-A434-4C724EF1EC69}.Debug|x86.ActiveCfg = Debug|Win32
		{F98FC404-61CF-431F-A434-4C724EF1EC69}.Debug|x86.Build.0 = Debug|Win32
		{F98FC404-61CF-431F-A434-4C724EF1EC69}.DebugInline|x64.ActiveCfg = DebugInline|x64
		{F98FC404-61CF-431F-A434-4C724EF1EC69}.DebugInline|x64.Build.0 = DebugInline|x64
		{F98FC404-61CF-431F-A434-4C724EF1EC69}.DebugInline|x86.ActiveCfg = DebugInline|Win32
		{F98FC404-61CF-431F-A434-4C724EF1EC69}.DebugInline|x86.Build.0 = DebugInline|Win32
		{F98FC404-61CF-431F-A434-4C724EF1EC69}.FaskBreak|x64.ActiveCfg = FaskBreak|x64
		{F98FC404-61CF-431F-A434-4C724EF1EC69}.FaskBreak|x64.Build.0 = FaskBreak|x64
		{F98FC404-61CF-431F-A434-4C724EF1EC69}.FaskBreak|x86.ActiveCfg = FaskBreak|Win32
		{F98FC404-61CF-431F-A434-4C724EF1EC69}.FaskBreak|x86.Build.0 = FaskBreak|Win32
		{F98FC404-61CF-431F-A434-4C724EF1EC69}.Release|x64.ActiveCfg = Release|x64
		{F98FC404-61CF-431F-A434-4C724EF1EC69}.Release|x64.Build.0 = Release|x64
		{F98FC404-61CF-431F-A434-4C724EF1EC69}.Release|x86.ActiveCfg = Release|Win32
		{F98FC404-61CF-431F-A434-4C724EF1EC69}.Release|x86.Build.0 = Release|Win32
	EndGlobalSection
	GlobalSection(SolutionProperties) = preSolution
		HideSolutionNode = FALSE
	EndGlobalSection
	GlobalSection(ExtensibilityGlobals) = postSolution
		SolutionGuid = {2DBDC439-095B-4C5F-917A-CBF14EAAFB0F}
	EndGlobalSection
EndGlobal
